
Microsoft Visual Studio Solution File, Format Version 12.00
Project("{FAE04EC0-301F-11D3-BF4B-00C04F79EFBC}") = "ProductsApi", "ProductsApi\ProductsApi.csproj", "{1B0590F7-FF24-41E8-8E19-943E09018C9A}"
EndProject
Global
	GlobalSection(SolutionConfigurationPlatforms) = preSolution
		Debug|Any CPU = Debug|Any CPU
		Release|Any CPU = Release|Any CPU
	EndGlobalSection
	GlobalSection(ProjectConfigurationPlatforms) = postSolution
		{1B0590F7-FF24-41E8-8E19-943E09018C9A}.Debug|Any CPU.ActiveCfg = Debug|Any CPU
		{1B0590F7-FF24-41E8-8E19-943E09018C9A}.Debug|Any CPU.Build.0 = Debug|Any CPU
		{1B0590F7-FF24-41E8-8E19-943E09018C9A}.Release|Any CPU.ActiveCfg = Release|Any CPU
		{1B0590F7-FF24-41E8-8E19-943E09018C9A}.Release|Any CPU.Build.0 = Release|Any CPU
	EndGlobalSection
EndGlobal
